{
  "name": "istanbul-to-vscode",
  "version": "2.0.0",
  "lockfileVersion": 3,
  "requires": true,
  "packages": {
    "": {
      "name": "istanbul-to-vscode",
      "version": "2.0.0",
      "hasInstallScript": true,
      "license": "MIT",
      "dependencies": {
        "@types/istanbul-lib-coverage": "^2.0.6"
      },
      "devDependencies": {
        "@types/node": "^18.19.26",
        "@vscode/dts": "^0.4.0",
        "prettier": "^3.2.5",
        "typescript": "^5.3.3"
      }
    },
    "node_modules/@types/istanbul-lib-coverage": {
      "version": "2.0.6",
      "resolved": "https://registry.npmjs.org/@types/istanbul-lib-coverage/-/istanbul-lib-coverage-2.0.6.tgz",
      "integrity": "sha512-2QF/t/auWm0lsy8XtKVPG19v3sSOQlJe/YHZgfjb/KBBHOGSV+J2q/S671rcq9uTBrLAXmZpqJiaQbMT+zNU1w=="
    },
    "node_modules/@types/node": {
      "version": "18.19.26",
      "resolved": "https://registry.npmjs.org/@types/node/-/node-18.19.26.tgz",
      "integrity": "sha512-+wiMJsIwLOYCvUqSdKTrfkS8mpTp+MPINe6+Np4TAGFWWRWiBQ5kSq9nZGCSPkzx9mvT+uEukzpX4MOSCydcvw==",
      "dev": true,
      "dependencies": {
        "undici-types": "~5.26.4"
      }
    },
    "node_modules/@vscode/dts": {
      "version": "0.4.0",
      "resolved": "https://registry.npmjs.org/@vscode/dts/-/dts-0.4.0.tgz",
      "integrity": "sha512-m28fZnyS9PlzVvYHppyC3Q98U2RFIZO2srnBMvyupPBY5QkSxoNIjTV9roLaU7kE+gc+HXczH8XHPETUkt9IAA==",
      "dev": true,
      "dependencies": {
        "https-proxy-agent": "^7.0.0",
        "minimist": "^1.2.8",
        "prompts": "^2.4.2"
      },
      "bin": {
        "dts": "index.js"
      }
    },
    "node_modules/agent-base": {
      "version": "7.1.0",
      "resolved": "https://registry.npmjs.org/agent-base/-/agent-base-7.1.0.tgz",
      "integrity": "sha512-o/zjMZRhJxny7OyEF+Op8X+efiELC7k7yOjMzgfzVqOzXqkBkWI79YoTdOtsuWd5BWhAGAuOY/Xa6xpiaWXiNg==",
      "dev": true,
      "dependencies": {
        "debug": "^4.3.4"
      },
      "engines": {
        "node": ">= 14"
      }
    },
    "node_modules/debug": {
      "version": "4.3.4",
      "resolved": "https://registry.npmjs.org/debug/-/debug-4.3.4.tgz",
      "integrity": "sha512-PRWFHuSU3eDtQJPvnNY7Jcket1j0t5OuOsFzPPzsekD52Zl8qUfFIPEiswXqIvHWGVHOgX+7G/vCNNhehwxfkQ==",
      "dev": true,
      "dependencies": {
        "ms": "2.1.2"
      },
      "engines": {
        "node": ">=6.0"
      },
      "peerDependenciesMeta": {
        "supports-color": {
          "optional": true
        }
      }
    },
    "node_modules/https-proxy-agent": {
      "version": "7.0.4",
      "resolved": "https://registry.npmjs.org/https-proxy-agent/-/https-proxy-agent-7.0.4.tgz",
      "integrity": "sha512-wlwpilI7YdjSkWaQ/7omYBMTliDcmCN8OLihO6I9B86g06lMyAoqgoDpV0XqoaPOKj+0DIdAvnsWfyAAhmimcg==",
      "dev": true,
      "dependencies": {
        "agent-base": "^7.0.2",
        "debug": "4"
      },
      "engines": {
        "node": ">= 14"
      }
    },
    "node_modules/kleur": {
      "version": "3.0.3",
      "resolved": "https://registry.npmjs.org/kleur/-/kleur-3.0.3.tgz",
      "integrity": "sha512-eTIzlVOSUR+JxdDFepEYcBMtZ9Qqdef+rnzWdRZuMbOywu5tO2w2N7rqjoANZ5k9vywhL6Br1VRjUIgTQx4E8w==",
      "dev": true,
      "engines": {
        "node": ">=6"
      }
    },
    "node_modules/minimist": {
      "version": "1.2.8",
      "resolved": "https://registry.npmjs.org/minimist/-/minimist-1.2.8.tgz",
      "integrity": "sha512-2yyAR8qBkN3YuheJanUpWC5U3bb5osDywNB8RzDVlDwDHbocAJveqqj1u8+SVD7jkWT4yvsHCpWqqWqAxb0zCA==",
      "dev": true,
      "funding": {
        "url": "https://github.com/sponsors/ljharb"
      }
    },
    "node_modules/ms": {
      "version": "2.1.2",
      "resolved": "https://registry.npmjs.org/ms/-/ms-2.1.2.tgz",
      "integrity": "sha512-sGkPx+VjMtmA6MX27oA4FBFELFCZZ4S4XqeGOXCv68tT+jb3vk/RyaKWP0PTKyWtmLSM0b+adUTEvbs1PEaH2w==",
      "dev": true
    },
    "node_modules/prettier": {
      "version": "3.2.5",
      "resolved": "https://registry.npmjs.org/prettier/-/prettier-3.2.5.tgz",
      "integrity": "sha512-3/GWa9aOC0YeD7LUfvOG2NiDyhOWRvt1k+rcKhOuYnMY24iiCphgneUfJDyFXd6rZCAnuLBv6UeAULtrhT/F4A==",
      "dev": true,
      "bin": {
        "prettier": "bin/prettier.cjs"
      },
      "engines": {
        "node": ">=14"
      },
      "funding": {
        "url": "https://github.com/prettier/prettier?sponsor=1"
      }
    },
    "node_modules/prompts": {
      "version": "2.4.2",
      "resolved": "https://registry.npmjs.org/prompts/-/prompts-2.4.2.tgz",
      "integrity": "sha512-NxNv/kLguCA7p3jE8oL2aEBsrJWgAakBpgmgK6lpPWV+WuOmY6r2/zbAVnP+T8bQlA0nzHXSJSJW0Hq7ylaD2Q==",
      "dev": true,
      "dependencies": {
        "kleur": "^3.0.3",
        "sisteransi": "^1.0.5"
      },
      "engines": {
        "node": ">= 6"
      }
    },
    "node_modules/sisteransi": {
      "version": "1.0.5",
      "resolved": "https://registry.npmjs.org/sisteransi/-/sisteransi-1.0.5.tgz",
      "integrity": "sha512-bLGGlR1QxBcynn2d5YmDX4MGjlZvy2MRBDRNHLJ8VI6l6+9FUiyTFNJ0IveOSP0bcXgVDPRcfGqA0pjaqUpfVg==",
      "dev": true
    },
    "node_modules/typescript": {
      "version": "5.3.3",
      "resolved": "https://registry.npmjs.org/typescript/-/typescript-5.3.3.tgz",
      "integrity": "sha512-pXWcraxM0uxAS+tN0AG/BF2TyqmHO014Z070UsJ+pFvYuRSq8KH8DmWpnbXe0pEPDHXZV3FcAbJkijJ5oNEnWw==",
      "dev": true,
      "bin": {
        "tsc": "bin/tsc",
        "tsserver": "bin/tsserver"
      },
      "engines": {
        "node": ">=14.17"
      }
    },
    "node_modules/undici-types": {
      "version": "5.26.5",
      "resolved": "https://registry.npmjs.org/undici-types/-/undici-types-5.26.5.tgz",
      "integrity": "sha512-JlCMO+ehdEIKqlFxk6IfVoAUVmgz7cU7zD/h9XZ0qzeosSHmUJVOzSQvvYSYWXkFXC+IfLKSIffhv0sVZup6pA==",
      "dev": true
    }
  }
}
